# THIS IS AN AUTOGENERATED FILE. DO NOT EDIT THIS FILE DIRECTLY.
# yarn lockfile v1


"@rails/actiontext@^8.0.300":
  version "8.0.300"
  resolved "https://registry.yarnpkg.com/@rails/actiontext/-/actiontext-8.0.300.tgz#a5c89ef825f5e1b199456abc86c8f2f746227450"
  integrity sha512-3uIRBH7SsjlgbpZQTEsgZg9bdH2umdjCoXp02oRF1PzEi/TcOTQD/PXTthkRiXdo0sA6y3PMgJNiPs/JfW4JLQ==
  dependencies:
    "@rails/activestorage" ">= 8.0.0-alpha"

"@rails/activestorage@>= 8.0.0-alpha":
  version "8.0.300"
  resolved "https://registry.yarnpkg.com/@rails/activestorage/-/activestorage-8.0.300.tgz#4c31cf2ae59033a1fbb90ba545ff216b5ea161f8"
  integrity sha512-vgugHjdH0wLM1+ajWdoiNNFphDsZrd349iJvfyVPC21IkMdJOnaBpF4eaV847cDqP/7mxxDZ4nkhc7dgQjGa4A==
  dependencies:
    spark-md5 "^3.0.1"

"@types/trusted-types@^2.0.7":
  version "2.0.7"
  resolved "https://registry.yarnpkg.com/@types/trusted-types/-/trusted-types-2.0.7.tgz#baccb07a970b91707df3a3e8ba6896c57ead2d11"
  integrity sha512-ScaPdn1dQczgbl0QFTeTOmVHFULt394XJgOQNoyVhZ6r2vLnMLJfBPd53SB52T/3G36VI1/g2MZaX0cwDuXsfw==

autoprefixer@^10.4.21:
  version "10.4.21"
  resolved "https://registry.yarnpkg.com/autoprefixer/-/autoprefixer-10.4.21.tgz#77189468e7a8ad1d9a37fbc08efc9f480cf0a95d"
  integrity sha512-O+A6LWV5LDHSJD3LjHYoNi4VLsj/Whi7k6zG12xTYaU4cQ8oxQGckXNX8cRHK5yOZ/ppVHe0ZBXGzSV9jXdVbQ==
  dependencies:
    browserslist "^4.24.4"
    caniuse-lite "^1.0.30001702"
    fraction.js "^4.3.7"
    normalize-range "^0.1.2"
    picocolors "^1.1.1"
    postcss-value-parser "^4.2.0"

baseline-browser-mapping@^2.8.9:
  version "2.8.11"
  resolved "https://registry.yarnpkg.com/baseline-browser-mapping/-/baseline-browser-mapping-2.8.11.tgz#70f8d63a5dbcfd82f055be51e2ebe2d477908704"
  integrity sha512-i+sRXGhz4+QW8aACZ3+r1GAKMt0wlFpeA8M5rOQd0HEYw9zhDrlx9Wc8uQ0IdXakjJRthzglEwfB/yqIjO6iDg==

browserslist@^4.24.4:
  version "4.26.3"
  resolved "https://registry.yarnpkg.com/browserslist/-/browserslist-4.26.3.tgz#40fbfe2d1cd420281ce5b1caa8840049c79afb56"
  integrity sha512-lAUU+02RFBuCKQPj/P6NgjlbCnLBMp4UtgTx7vNHd3XSIJF87s9a5rA3aH2yw3GS9DqZAUbOtZdCCiZeVRqt0w==
  dependencies:
    baseline-browser-mapping "^2.8.9"
    caniuse-lite "^1.0.30001746"
    electron-to-chromium "^1.5.227"
    node-releases "^2.0.21"
    update-browserslist-db "^1.1.3"

caniuse-lite@^1.0.30001702, caniuse-lite@^1.0.30001746:
  version "1.0.30001747"
  resolved "https://registry.yarnpkg.com/caniuse-lite/-/caniuse-lite-1.0.30001747.tgz#2cfbbb7f1f046439ebaf34bba337ee3d3474c7e5"
  integrity sha512-mzFa2DGIhuc5490Nd/G31xN1pnBnYMadtkyTjefPI7wzypqgCEpeWu9bJr0OnDsyKrW75zA9ZAt7pbQFmwLsQg==

daisyui@^5.1.12:
  version "5.1.27"
  resolved "https://registry.yarnpkg.com/daisyui/-/daisyui-5.1.27.tgz#4fef17338c2ab8e00b2407714cebf5a59c49967e"
  integrity sha512-oCC2RwjrGRPTeEpaXoNmYydzVfSRdyJCthFsi/Q5PErAvaoD8kDarxlW+wiPAx2WmM8W8lXvyAHJUqjObCMWOQ==

dompurify@^3.2.5:
  version "3.2.7"
  resolved "https://registry.yarnpkg.com/dompurify/-/dompurify-3.2.7.tgz#721d63913db5111dd6dfda8d3a748cfd7982d44a"
  integrity sha512-WhL/YuveyGXJaerVlMYGWhvQswa7myDG17P7Vu65EWC05o8vfeNbvNf4d/BOvH99+ZW+LlQsc1GDKMa1vNK6dw==
  optionalDependencies:
    "@types/trusted-types" "^2.0.7"

electron-to-chromium@^1.5.227:
  version "1.5.230"
  resolved "https://registry.yarnpkg.com/electron-to-chromium/-/electron-to-chromium-1.5.230.tgz#06ddb4a6302a78b2a3e8dcf1dd2563bcfdd546c9"
  integrity sha512-A6A6Fd3+gMdaed9wX83CvHYJb4UuapPD5X5SLq72VZJzxHSY0/LUweGXRWmQlh2ln7KV7iw7jnwXK7dlPoOnHQ==

escalade@^3.2.0:
  version "3.2.0"
  resolved "https://registry.yarnpkg.com/escalade/-/escalade-3.2.0.tgz#011a3f69856ba189dffa7dc8fcce99d2a87903e5"
  integrity sha512-WUj2qlxaQtO4g6Pq5c29GTcWGDyd8itL8zTlipgECz3JesAiiOKotd8JU6otB3PACgG6xkJUyVhboMS+bje/jA==

fraction.js@^4.3.7:
  version "4.3.7"
  resolved "https://registry.yarnpkg.com/fraction.js/-/fraction.js-4.3.7.tgz#06ca0085157e42fda7f9e726e79fefc4068840f7"
  integrity sha512-ZsDfxO51wGAXREY55a7la9LScWpwv9RxIrYABrlvOFBlH/ShPnrtsXeuUIfXKKOVicNxQ+o8JTbJvjS4M89yew==

framer-motion@^12.23.13:
  version "12.23.22"
  resolved "https://registry.yarnpkg.com/framer-motion/-/framer-motion-12.23.22.tgz#798333fdcc5cd65fabfc450985b7236bbdbf5d64"
  integrity sha512-ZgGvdxXCw55ZYvhoZChTlG6pUuehecgvEAJz0BHoC5pQKW1EC5xf1Mul1ej5+ai+pVY0pylyFfdl45qnM1/GsA==
  dependencies:
    motion-dom "^12.23.21"
    motion-utils "^12.23.6"
    tslib "^2.4.0"

motion-dom@^12.23.21:
  version "12.23.21"
  resolved "https://registry.yarnpkg.com/motion-dom/-/motion-dom-12.23.21.tgz#1efe2d1bdda31875f0ee56d06f02be7b562a0bdd"
  integrity sha512-5xDXx/AbhrfgsQmSE7YESMn4Dpo6x5/DTZ4Iyy4xqDvVHWvFVoV+V2Ri2S/ksx+D40wrZ7gPYiMWshkdoqNgNQ==
  dependencies:
    motion-utils "^12.23.6"

motion-utils@^12.23.6:
  version "12.23.6"
  resolved "https://registry.yarnpkg.com/motion-utils/-/motion-utils-12.23.6.tgz#fafef80b4ea85122dd0d6c599a0c63d72881f312"
  integrity sha512-eAWoPgr4eFEOFfg2WjIsMoqJTW6Z8MTUCgn/GZ3VRpClWBdnbjryiA3ZSNLyxCTmCQx4RmYX6jX1iWHbenUPNQ==

node-releases@^2.0.21:
  version "2.0.21"
  resolved "https://registry.yarnpkg.com/node-releases/-/node-releases-2.0.21.tgz#f59b018bc0048044be2d4c4c04e4c8b18160894c"
  integrity sha512-5b0pgg78U3hwXkCM8Z9b2FJdPZlr9Psr9V2gQPESdGHqbntyFJKFW4r5TeWGFzafGY3hzs1JC62VEQMbl1JFkw==

normalize-range@^0.1.2:
  version "0.1.2"
  resolved "https://registry.yarnpkg.com/normalize-range/-/normalize-range-0.1.2.tgz#2d10c06bdfd312ea9777695a4d28439456b75942"
  integrity sha512-bdok/XvKII3nUpklnV6P2hxtMNrCboOjAcyBuQnWEhO665FwrSNRxU+AqpsyvO6LgGYPspN+lu5CLtw4jPRKNA==

picocolors@^1.1.1:
  version "1.1.1"
  resolved "https://registry.yarnpkg.com/picocolors/-/picocolors-1.1.1.tgz#3d321af3eab939b083c8f929a1d12cda81c26b6b"
  integrity sha512-xceH2snhtb5M9liqDsmEw56le376mTZkEX/jEb/RxNFyegNul7eNslCXP9FDj/Lcu0X8KEyMceP2ntpaHrDEVA==

postcss-value-parser@^4.2.0:
  version "4.2.0"
  resolved "https://registry.yarnpkg.com/postcss-value-parser/-/postcss-value-parser-4.2.0.tgz#723c09920836ba6d3e5af019f92bc0971c02e514"
  integrity sha512-1NNCs6uurfkVbeXG4S8JFT9t19m45ICnif8zWLd5oPSZ50QnwMfK+H3jv408d4jw/7Bttv5axS5IiHoLaVNHeQ==

spark-md5@^3.0.1:
  version "3.0.2"
  resolved "https://registry.yarnpkg.com/spark-md5/-/spark-md5-3.0.2.tgz#7952c4a30784347abcee73268e473b9c0167e3fc"
  integrity sha512-wcFzz9cDfbuqe0FZzfi2or1sgyIrsDwmPwfZC4hiNidPdPINjeUwNfv5kldczoEAcjl9Y1L3SM7Uz2PUEQzxQw==

tailwindcss@^4.1.13:
  version "4.1.14"
  resolved "https://registry.yarnpkg.com/tailwindcss/-/tailwindcss-4.1.14.tgz#a5907cc2202a2a1f5f15bac6f2031e53117e43a8"
  integrity sha512-b7pCxjGO98LnxVkKjaZSDeNuljC4ueKUddjENJOADtubtdo8llTaJy7HwBMeLNSSo2N5QIAgklslK1+Ir8r6CA==

trix@^2.1.15:
  version "2.1.15"
  resolved "https://registry.yarnpkg.com/trix/-/trix-2.1.15.tgz#fabad796ea779a8ae96522402fbc214cbfc4015f"
  integrity sha512-LoaXWczdTUV8+3Box92B9b1iaDVbxD14dYemZRxi3PwY+AuDm97BUJV2aHLBUFPuDABhxp0wzcbf0CxHCVmXiw==
  dependencies:
    dompurify "^3.2.5"

tslib@^2.4.0:
  version "2.8.1"
  resolved "https://registry.yarnpkg.com/tslib/-/tslib-2.8.1.tgz#612efe4ed235d567e8aba5f2a5fab70280ade83f"
  integrity sha512-oJFu94HQb+KVduSUQL7wnpmqnfmLsOA/nAh6b6EH0wCEoK0/mPeXU6c3wKDV83MkOuHPRHtSXKKU99IBazS/2w==

update-browserslist-db@^1.1.3:
  version "1.1.3"
  resolved "https://registry.yarnpkg.com/update-browserslist-db/-/update-browserslist-db-1.1.3.tgz#348377dd245216f9e7060ff50b15a1b740b75420"
  integrity sha512-UxhIZQ+QInVdunkDAaiazvvT/+fXL5Osr0JZlJulepYu6Jd7qJtDZjlur0emRlT71EN3ScPoE7gvsuIKKNavKw==
  dependencies:
    escalade "^3.2.0"
    picocolors "^1.1.1"
